# This file is automatically @generated by Cargo.
# It is not intended for manual editing.
version = 4

[[package]]
name = "faspl-ast"
version = "0.1.0"

[[package]]
name = "faspl-common"
version = "0.1.0"

[[package]]
name = "faspl-lexer"
version = "0.1.0"

[[package]]
name = "faspl-parser"
version = "0.1.0"
